{
  "originHash" : "05dbd282237eff74d633121b36198ea390d5cd0f964ea459d306e9c29d57af83",
  "pins" : [
    {
      "identity" : "komponents",
      "kind" : "remoteSourceControl",
      "location" : "https://github.com/katagaki/Komponents",
      "state" : {
        "branch" : "main",
        "revision" : "ac1ef7aefb1c4b5a0af65251cb8f14dd42bd1eb6"
      }
    }
  ],
  "version" : 3
}
